// !$*UTF8*$!
{
	archiveVersion = 1;
	classes = {
	};
	objectVersion = 55;
	objects = {

/* Begin PBXBuildFile section */
		7F43D177288489B80082E362 /* AddItemTableViewController.swift in Sources */ = {isa = PBXBuildFile; fileRef = 7F43D176288489B80082E362 /* AddItemTableViewController.swift */; };
		7F5A23F72882CC2400E36F00 /* AppDelegate.swift in Sources */ = {isa = PBXBuildFile; fileRef = 7F5A23F62882CC2400E36F00 /* AppDelegate.swift */; };
		7F5A23F92882CC2400E36F00 /* SceneDelegate.swift in Sources */ = {isa = PBXBuildFile; fileRef = 7F5A23F82882CC2400E36F00 /* SceneDelegate.swift */; };
		7F5A23FB2882CC2400E36F00 /* ChecklistViewController.swift in Sources */ = {isa = PBXBuildFile; fileRef = 7F5A23FA2882CC2400E36F00 /* ChecklistViewController.swift */; };
		7F5A23FE2882CC2400E36F00 /* Main.storyboard in Resources */ = {isa = PBXBuildFile; fileRef = 7F5A23FC2882CC2400E36F00 /* Main.storyboard */; };
		7F5A24002882CC2F00E36F00 /* Assets.xcassets in Resources */ = {isa = PBXBuildFile; fileRef = 7F5A23FF2882CC2F00E36F00 /* Assets.xcassets */; };
		7F5A24032882CC2F00E36F00 /* LaunchScreen.storyboard in Resources */ = {isa = PBXBuildFile; fileRef = 7F5A24012882CC2F00E36F00 /* LaunchScreen.storyboard */; };
		7F5A240B288430D600E36F00 /* ChecklistItem.swift in Sources */ = {isa = PBXBuildFile; fileRef = 7F5A240A288430D600E36F00 /* ChecklistItem.swift */; };
/* End PBXBuildFile section */

/* Begin PBXFileReference section */
		7F43D176288489B80082E362 /* AddItemTableViewController.swift */ = {isa = PBXFileReference; lastKnownFileType = sourcecode.swift; path = AddItemTableViewController.swift; sourceTree = "<group>"; };
		7F5A23F32882CC2400E36F00 /* CheckList.app */ = {isa = PBXFileReference; explicitFileType = wrapper.application; includeInIndex = 0; path = CheckList.app; sourceTree = BUILT_PRODUCTS_DIR; };
		7F5A23F62882CC2400E36F00 /* AppDelegate.swift */ = {isa = PBXFileReference; lastKnownFileType = sourcecode.swift; path = AppDelegate.swift; sourceTree = "<group>"; };
		7F5A23F82882CC2400E36F00 /* SceneDelegate.swift */ = {isa = PBXFileReference; lastKnownFileType = sourcecode.swift; path = SceneDelegate.swift; sourceTree = "<group>"; };
		7F5A23FA2882CC2400E36F00 /* ChecklistViewController.swift */ = {isa = PBXFileReference; lastKnownFileType = sourcecode.swift; path = ChecklistViewController.swift; sourceTree = "<group>"; };
		7F5A23FD2882CC2400E36F00 /* Base */ = {isa = PBXFileReference; lastKnownFileType = file.storyboard; name = Base; path = Base.lproj/Main.storyboard; sourceTree = "<group>"; };
		7F5A23FF2882CC2F00E36F00 /* Assets.xcassets */ = {isa = PBXFileReference; lastKnownFileType = folder.assetcatalog; path = Assets.xcassets; sourceTree = "<group>"; };
		7F5A24022882CC2F00E36F00 /* Base */ = {isa = PBXFileReference; lastKnownFileType = file.storyboard; name = Base; path = Base.lproj/LaunchScreen.storyboard; sourceTree = "<group>"; };
		7F5A24042882CC2F00E36F00 /* Info.plist */ = {isa = PBXFileReference; lastKnownFileType = text.plist.xml; path = Info.plist; sourceTree = "<group>"; };
		7F5A240A288430D600E36F00 /* ChecklistItem.swift */ = {isa = PBXFileReference; lastKnownFileType = sourcecode.swift; path = ChecklistItem.swift; sourceTree = "<group>"; };
/* End PBXFileReference section */

/* Begin PBXFrameworksBuildPhase section */
		7F5A23F02882CC2400E36F00 /* Frameworks */ = {
			isa = PBXFrameworksBuildPhase;
			buildActionMask = 2147483647;
			files = (
			);
			runOnlyForDeploymentPostprocessing = 0;
		};
/* End PBXFrameworksBuildPhase section */

/* Begin PBXGroup section */
		7F5A23EA2882CC2400E36F00 = {
			isa = PBXGroup;
			children = (
				7F5A23F52882CC2400E36F00 /* CheckList */,
				7F5A23F42882CC2400E36F00 /* Products */,
			);
			sourceTree = "<group>";
		};
		7F5A23F42882CC2400E36F00 /* Products */ = {
			isa = PBXGroup;
			children = (
				7F5A23F32882CC2400E36F00 /* CheckList.app */,
			);
			name = Products;
			sourceTree = "<group>";
		};
		7F5A23F52882CC2400E36F00 /* CheckList */ = {
			isa = PBXGroup;
			children = (
				7F96C34728846291004DBC7B /* Modules */,
				7F96C348288462A5004DBC7B /* ViewControllers */,
				7F96C34A288462DA004DBC7B /* Storyboards */,
				7F96C34B288462FB004DBC7B /* System */,
				7F5A24042882CC2F00E36F00 /* Info.plist */,
				7F96C349288462C8004DBC7B /* Config */,
			);
			path = CheckList;
			sourceTree = "<group>";
		};
		7F96C34728846291004DBC7B /* Modules */ = {
			isa = PBXGroup;
			children = (
				7F5A240A288430D600E36F00 /* ChecklistItem.swift */,
			);
			path = Modules;
			sourceTree = "<group>";
		};
		7F96C348288462A5004DBC7B /* ViewControllers */ = {
			isa = PBXGroup;
			children = (
				7F5A23FA2882CC2400E36F00 /* ChecklistViewController.swift */,
				7F43D176288489B80082E362 /* AddItemTableViewController.swift */,
			);
			path = ViewControllers;
			sourceTree = "<group>";
		};
		7F96C349288462C8004DBC7B /* Config */ = {
			isa = PBXGroup;
			children = (
				7F5A23F62882CC2400E36F00 /* AppDelegate.swift */,
				7F5A23F82882CC2400E36F00 /* SceneDelegate.swift */,
			);
			path = Config;
			sourceTree = "<group>";
		};
		7F96C34A288462DA004DBC7B /* Storyboards */ = {
			isa = PBXGroup;
			children = (
				7F5A24012882CC2F00E36F00 /* LaunchScreen.storyboard */,
				7F5A23FC2882CC2400E36F00 /* Main.storyboard */,
			);
			path = Storyboards;
			sourceTree = "<group>";
		};
		7F96C34B288462FB004DBC7B /* System */ = {
			isa = PBXGroup;
			children = (
				7F5A23FF2882CC2F00E36F00 /* Assets.xcassets */,
			);
			path = System;
			sourceTree = "<group>";
		};
/* End PBXGroup section */

/* Begin PBXNativeTarget section */
		7F5A23F22882CC2400E36F00 /* CheckList */ = {
			isa = PBXNativeTarget;
			buildConfigurationList = 7F5A24072882CC2F00E36F00 /* Build configuration list for PBXNativeTarget "CheckList" */;
			buildPhases = (
				7F5A23EF2882CC2400E36F00 /* Sources */,
				7F5A23F02882CC2400E36F00 /* Frameworks */,
				7F5A23F12882CC2400E36F00 /* Resources */,
			);
			buildRules = (
			);
			dependencies = (
			);
			name = CheckList;
			productName = CheckList;
			productReference = 7F5A23F32882CC2400E36F00 /* CheckList.app */;
			productType = "com.apple.product-type.application";
		};
/* End PBXNativeTarget section */

/* Begin PBXProject section */
		7F5A23EB2882CC2400E36F00 /* Project object */ = {
			isa = PBXProject;
			attributes = {
				BuildIndependentTargetsInParallel = 1;
				LastSwiftUpdateCheck = 1340;
				LastUpgradeCheck = 1340;
				TargetAttributes = {
					7F5A23F22882CC2400E36F00 = {
						CreatedOnToolsVersion = 13.4.1;
					};
				};
			};
			buildConfigurationList = 7F5A23EE2882CC2400E36F00 /* Build configuration list for PBXProject "CheckList" */;
			compatibilityVersion = "Xcode 13.0";
			developmentRegion = en;
			hasScannedForEncodings = 0;
			knownRegions = (
				en,
				Base,
			);
			mainGroup = 7F5A23EA2882CC2400E36F00;
			productRefGroup = 7F5A23F42882CC2400E36F00 /* Products */;
			projectDirPath = "";
			projectRoot = "";
			targets = (
				7F5A23F22882CC2400E36F00 /* CheckList */,
			);
		};
/* End PBXProject section */

/* Begin PBXResourcesBuildPhase section */
		7F5A23F12882CC2400E36F00 /* Resources */ = {
			isa = PBXResourcesBuildPhase;
			buildActionMask = 2147483647;
			files = (
				7F5A24032882CC2F00E36F00 /* LaunchScreen.storyboard in Resources */,
				7F5A24002882CC2F00E36F00 /* Assets.xcassets in Resources */,
				7F5A23FE2882CC2400E36F00 /* Main.storyboard in Resources */,
			);
			runOnlyForDeploymentPostprocessing = 0;
		};
/* End PBXResourcesBuildPhase section */

/* Begin PBXSourcesBuildPhase section */
		7F5A23EF2882CC2400E36F00 /* Sources */ = {
			isa = PBXSourcesBuildPhase;
			buildActionMask = 2147483647;
			files = (
				7F5A23FB2882CC2400E36F00 /* ChecklistViewController.swift in Sources */,
				7F43D177288489B80082E362 /* AddItemTableViewController.swift in Sources */,
				7F5A23F72882CC2400E36F00 /* AppDelegate.swift in Sources */,
				7F5A23F92882CC2400E36F00 /* SceneDelegate.swift in Sources */,
				7F5A240B288430D600E36F00 /* ChecklistItem.swift in Sources */,
			);
			runOnlyForDeploymentPostprocessing = 0;
		};
/* End PBXSourcesBuildPhase section */

/* Begin PBXVariantGroup section */
		7F5A23FC2882CC2400E36F00 /* Main.storyboard */ = {
			isa = PBXVariantGroup;
			children = (
				7F5A23FD2882CC2400E36F00 /* Base */,
			);
			name = Main.storyboard;
			sourceTree = "<group>";
		};
		7F5A24012882CC2F00E36F00 /* LaunchScreen.storyboard */ = {
			isa = PBXVariantGroup;
			children = (
				7F5A24022882CC2F00E36F00 /* Base */,
			);
			name = LaunchScreen.storyboard;
			sourceTree = "<group>";
		};
/* End PBXVariantGroup section */

/* Begin XCBuildConfiguration section */
		7F5A24052882CC2F00E36F00 /* Debug */ = {
			isa = XCBuildConfiguration;
			buildSettings = {
				ALWAYS_SEARCH_USER_PATHS = NO;
				CLANG_ANALYZER_NONNULL = YES;
				CLANG_ANALYZER_NUMBER_OBJECT_CONVERSION = YES_AGGRESSIVE;
				CLANG_CXX_LANGUAGE_STANDARD = "gnu++17";
				CLANG_ENABLE_MODULES = YES;
				CLANG_ENABLE_OBJC_ARC = YES;
				CLANG_ENABLE_OBJC_WEAK = YES;
				CLANG_WARN_BLOCK_CAPTURE_AUTORELEASING = YES;
				CLANG_WARN_BOOL_CONVERSION = YES;
				CLANG_WARN_COMMA = YES;
				CLANG_WARN_CONSTANT_CONVERSION = YES;
				CLANG_WARN_DEPRECATED_OBJC_IMPLEMENTATIONS = YES;
				CLANG_WARN_DIRECT_OBJC_ISA_USAGE = YES_ERROR;
				CLANG_WARN_DOCUMENTATION_COMMENTS = YES;
				CLANG_WARN_EMPTY_BODY = YES;
				CLANG_WARN_ENUM_CONVERSION = YES;
				CLANG_WARN_INFINITE_RECURSION = YES;
				CLANG_WARN_INT_CONVERSION = YES;
				CLANG_WARN_NON_LITERAL_NULL_CONVERSION = YES;
				CLANG_WARN_OBJC_IMPLICIT_RETAIN_SELF = YES;
				CLANG_WARN_OBJC_LITERAL_CONVERSION = YES;
				CLANG_WARN_OBJC_ROOT_CLASS = YES_ERROR;
				CLANG_WARN_QUOTED_INCLUDE_IN_FRAMEWORK_HEADER = YES;
				CLANG_WARN_RANGE_LOOP_ANALYSIS = YES;
				CLANG_WARN_STRICT_PROTOTYPES = YES;
				CLANG_WARN_SUSPICIOUS_MOVE = YES;
				CLANG_WARN_UNGUARDED_AVAILABILITY = YES_AGGRESSIVE;
				CLANG_WARN_UNREACHABLE_CODE = YES;
				CLANG_WARN__DUPLICATE_METHOD_MATCH = YES;
				COPY_PHASE_STRIP = NO;
				DEBUG_INFORMATION_FORMAT = dwarf;
				ENABLE_STRICT_OBJC_MSGSEND = YES;
				ENABLE_TESTABILITY = YES;
				GCC_C_LANGUAGE_STANDARD = gnu11;
				GCC_DYNAMIC_NO_PIC = NO;
				GCC_NO_COMMON_BLOCKS = YES;
				GCC_OPTIMIZATION_LEVEL = 0;
				GCC_PREPROCESSOR_DEFINITIONS = (
					"DEBUG=1",
					"$(inherited)",
				);
				GCC_WARN_64_TO_32_BIT_CONVERSION = YES;
				GCC_WARN_ABOUT_RETURN_TYPE = YES_ERROR;
				GCC_WARN_UNDECLARED_SELECTOR = YES;
				GCC_WARN_UNINITIALIZED_AUTOS = YES_AGGRESSIVE;
				GCC_WARN_UNUSED_FUNCTION = YES;
				GCC_WARN_UNUSED_VARIABLE = YES;
				IPHONEOS_DEPLOYMENT_TARGET = 15.5;
				MTL_ENABLE_DEBUG_INFO = INCLUDE_SOURCE;
				MTL_FAST_MATH = YES;
				ONLY_ACTIVE_ARCH = YES;
				SDKROOT = iphoneos;
				SWIFT_ACTIVE_COMPILATION_CONDITIONS = DEBUG;
				SWIFT_OPTIMIZATION_LEVEL = "-Onone";
			};
			name = Debug;
		};
		7F5A24062882CC2F00E36F00 /* Release */ = {
			isa = XCBuildConfiguration;
			buildSettings = {
				ALWAYS_SEARCH_USER_PATHS = NO;
				CLANG_ANALYZER_NONNULL = YES;
				CLANG_ANALYZER_NUMBER_OBJECT_CONVERSION = YES_AGGRESSIVE;
				CLANG_CXX_LANGUAGE_STANDARD = "gnu++17";
				CLANG_ENABLE_MODULES = YES;
				CLANG_ENABLE_OBJC_ARC = YES;
				CLANG_ENABLE_OBJC_WEAK = YES;
				CLANG_WARN_BLOCK_CAPTURE_AUTORELEASING = YES;
				CLANG_WARN_BOOL_CONVERSION = YES;
				CLANG_WARN_COMMA = YES;
				CLANG_WARN_CONSTANT_CONVERSION = YES;
				CLANG_WARN_DEPRECATED_OBJC_IMPLEMENTATIONS = YES;
				CLANG_WARN_DIRECT_OBJC_ISA_USAGE = YES_ERROR;
				CLANG_WARN_DOCUMENTATION_COMMENTS = YES;
				CLANG_WARN_EMPTY_BODY = YES;
				CLANG_WARN_ENUM_CONVERSION = YES;
				CLANG_WARN_INFINITE_RECURSION = YES;
				CLANG_WARN_INT_CONVERSION = YES;
				CLANG_WARN_NON_LITERAL_NULL_CONVERSION = YES;
				CLANG_WARN_OBJC_IMPLICIT_RETAIN_SELF = YES;
				CLANG_WARN_OBJC_LITERAL_CONVERSION = YES;
				CLANG_WARN_OBJC_ROOT_CLASS = YES_ERROR;
				CLANG_WARN_QUOTED_INCLUDE_IN_FRAMEWORK_HEADER = YES;
				CLANG_WARN_RANGE_LOOP_ANALYSIS = YES;
				CLANG_WARN_STRICT_PROTOTYPES = YES;
				CLANG_WARN_SUSPICIOUS_MOVE = YES;
				CLANG_WARN_UNGUARDED_AVAILABILITY = YES_AGGRESSIVE;
				CLANG_WARN_UNREACHABLE_CODE = YES;
				CLANG_WARN__DUPLICATE_METHOD_MATCH = YES;
				COPY_PHASE_STRIP = NO;
				DEBUG_INFORMATION_FORMAT = "dwarf-with-dsym";
				ENABLE_NS_ASSERTIONS = NO;
				ENABLE_STRICT_OBJC_MSGSEND = YES;
				GCC_C_LANGUAGE_STANDARD = gnu11;
				GCC_NO_COMMON_BLOCKS = YES;
				GCC_WARN_64_TO_32_BIT_CONVERSION = YES;
				GCC_WARN_ABOUT_RETURN_TYPE = YES_ERROR;
				GCC_WARN_UNDECLARED_SELECTOR = YES;
				GCC_WARN_UNINITIALIZED_AUTOS = YES_AGGRESSIVE;
				GCC_WARN_UNUSED_FUNCTION = YES;
				GCC_WARN_UNUSED_VARIABLE = YES;
				IPHONEOS_DEPLOYMENT_TARGET = 15.5;
				MTL_ENABLE_DEBUG_INFO = NO;
				MTL_FAST_MATH = YES;
				SDKROOT = iphoneos;
				SWIFT_COMPILATION_MODE = wholemodule;
				SWIFT_OPTIMIZATION_LEVEL = "-O";
				VALIDATE_PRODUCT = YES;
			};
			name = Release;
		};
		7F5A24082882CC2F00E36F00 /* Debug */ = {
			isa = XCBuildConfiguration;
			buildSettings = {
				ASSETCATALOG_COMPILER_APPICON_NAME = AppIcon;
				ASSETCATALOG_COMPILER_GLOBAL_ACCENT_COLOR_NAME = AccentColor;
				CODE_SIGN_STYLE = Automatic;
				CURRENT_PROJECT_VERSION = 1;
				DEVELOPMENT_TEAM = CC2755AXU3;
				GENERATE_INFOPLIST_FILE = YES;
				INFOPLIST_FILE = CheckList/Info.plist;
				INFOPLIST_KEY_UIApplicationSupportsIndirectInputEvents = YES;
				INFOPLIST_KEY_UILaunchStoryboardName = LaunchScreen;
				INFOPLIST_KEY_UIMainStoryboardFile = Main;
				INFOPLIST_KEY_UISupportedInterfaceOrientations = UIInterfaceOrientationPortrait;
				INFOPLIST_KEY_UISupportedInterfaceOrientations_iPad = "UIInterfaceOrientationPortrait UIInterfaceOrientationPortraitUpsideDown UIInterfaceOrientationLandscapeLeft UIInterfaceOrientationLandscapeRight";
				INFOPLIST_KEY_UISupportedInterfaceOrientations_iPhone = "UIInterfaceOrientationPortrait UIInterfaceOrientationLandscapeLeft UIInterfaceOrientationLandscapeRight";
				LD_RUNPATH_SEARCH_PATHS = (
					"$(inherited)",
					"@executable_path/Frameworks",
				);
				MARKETING_VERSION = 1.0;
				PRODUCT_BUNDLE_IDENTIFIER = st.CheckList;
				PRODUCT_NAME = "$(TARGET_NAME)";
				SWIFT_EMIT_LOC_STRINGS = YES;
				SWIFT_VERSION = 5.0;
				TARGETED_DEVICE_FAMILY = "1,2";
			};
			name = Debug;
		};
		7F5A24092882CC2F00E36F00 /* Release */ = {
			isa = XCBuildConfiguration;
			buildSettings = {
				ASSETCATALOG_COMPILER_APPICON_NAME = AppIcon;
				ASSETCATALOG_COMPILER_GLOBAL_ACCENT_COLOR_NAME = AccentColor;
				CODE_SIGN_STYLE = Automatic;
				CURRENT_PROJECT_VERSION = 1;
				DEVELOPMENT_TEAM = CC2755AXU3;
				GENERATE_INFOPLIST_FILE = YES;
				INFOPLIST_FILE = CheckList/Info.plist;
				INFOPLIST_KEY_UIApplicationSupportsIndirectInputEvents = YES;
				INFOPLIST_KEY_UILaunchStoryboardName = LaunchScreen;
				INFOPLIST_KEY_UIMainStoryboardFile = Main;
				INFOPLIST_KEY_UISupportedInterfaceOrientations = UIInterfaceOrientationPortrait;
				INFOPLIST_KEY_UISupportedInterfaceOrientations_iPad = "UIInterfaceOrientationPortrait UIInterfaceOrientationPortraitUpsideDown UIInterfaceOrientationLandscapeLeft UIInterfaceOrientationLandscapeRight";
				INFOPLIST_KEY_UISupportedInterfaceOrientations_iPhone = "UIInterfaceOrientationPortrait UIInterfaceOrientationLandscapeLeft UIInterfaceOrientationLandscapeRight";
				LD_RUNPATH_SEARCH_PATHS = (
					"$(inherited)",
					"@executable_path/Frameworks",
				);
				MARKETING_VERSION = 1.0;
				PRODUCT_BUNDLE_IDENTIFIER = st.CheckList;
				PRODUCT_NAME = "$(TARGET_NAME)";
				SWIFT_EMIT_LOC_STRINGS = YES;
				SWIFT_VERSION = 5.0;
				TARGETED_DEVICE_FAMILY = "1,2";
			};
			name = Release;
		};
/* End XCBuildConfiguration section */

/* Begin XCConfigurationList section */
		7F5A23EE2882CC2400E36F00 /* Build configuration list for PBXProject "CheckList" */ = {
			isa = XCConfigurationList;
			buildConfigurations = (
				7F5A24052882CC2F00E36F00 /* Debug */,
				7F5A24062882CC2F00E36F00 /* Release */,
			);
			defaultConfigurationIsVisible = 0;
			defaultConfigurationName = Release;
		};
		7F5A24072882CC2F00E36F00 /* Build configuration list for PBXNativeTarget "CheckList" */ = {
			isa = XCConfigurationList;
			buildConfigurations = (
				7F5A24082882CC2F00E36F00 /* Debug */,
				7F5A24092882CC2F00E36F00 /* Release */,
			);
			defaultConfigurationIsVisible = 0;
			defaultConfigurationName = Release;
		};
/* End XCConfigurationList section */
	};
	rootObject = 7F5A23EB2882CC2400E36F00 /* Project object */;
}
